
Microsoft Visual Studio Solution File, Format Version 12.00
# Visual Studio Version 17
VisualStudioVersion = 17.2.32526.322
MinimumVisualStudioVersion = 10.0.40219.1
Project("{9A19103F-16F7-4668-BE54-9A1E7A4F7556}") = "AddressInquiry", "1. AddressInquiry\AddressInquiry.csproj", "{B58C3946-99E6-4C84-B07D-902005DC1027}"
EndProject
Project("{9A19103F-16F7-4668-BE54-9A1E7A4F7556}") = "TrickAndTreat", "2. TrickAndTreat\TrickAndTreat.csproj", "{67AA639E-A464-4C3A-88DF-A3A5D6259FA4}"
EndProject
Project("{FAE04EC0-301F-11D3-BF4B-00C04F79EFBC}") = "Streamlet", "3. Streamlet\Streamlet.csproj", "{F4745543-E6D0-4BFF-A749-304865701362}"
EndProject
Global
	GlobalSection(SolutionConfigurationPlatforms) = preSolution
		Debug|Any CPU = Debug|Any CPU
		Release|Any CPU = Release|Any CPU
	EndGlobalSection
	GlobalSection(ProjectConfigurationPlatforms) = postSolution
		{B58C3946-99E6-4C84-B07D-902005DC1027}.Debug|Any CPU.ActiveCfg = Debug|Any CPU
		{B58C3946-99E6-4C84-B07D-902005DC1027}.Debug|Any CPU.Build.0 = Debug|Any CPU
		{B58C3946-99E6-4C84-B07D-902005DC1027}.Release|Any CPU.ActiveCfg = Release|Any CPU
		{B58C3946-99E6-4C84-B07D-902005DC1027}.Release|Any CPU.Build.0 = Release|Any CPU
		{67AA639E-A464-4C3A-88DF-A3A5D6259FA4}.Debug|Any CPU.ActiveCfg = Debug|Any CPU
		{67AA639E-A464-4C3A-88DF-A3A5D6259FA4}.Debug|Any CPU.Build.0 = Debug|Any CPU
		{67AA639E-A464-4C3A-88DF-A3A5D6259FA4}.Release|Any CPU.ActiveCfg = Release|Any CPU
		{67AA639E-A464-4C3A-88DF-A3A5D6259FA4}.Release|Any CPU.Build.0 = Release|Any CPU
		{F4745543-E6D0-4BFF-A749-304865701362}.Debug|Any CPU.ActiveCfg = Debug|Any CPU
		{F4745543-E6D0-4BFF-A749-304865701362}.Debug|Any CPU.Build.0 = Debug|Any CPU
		{F4745543-E6D0-4BFF-A749-304865701362}.Release|Any CPU.ActiveCfg = Release|Any CPU
		{F4745543-E6D0-4BFF-A749-304865701362}.Release|Any CPU.Build.0 = Release|Any CPU
	EndGlobalSection
	GlobalSection(SolutionProperties) = preSolution
		HideSolutionNode = FALSE
	EndGlobalSection
	GlobalSection(ExtensibilityGlobals) = postSolution
		SolutionGuid = {3A49E48F-1BC4-4E2B-AA98-142A5D37F4D0}
	EndGlobalSection
EndGlobal
