
Microsoft Visual Studio Solution File, Format Version 12.00
# Visual Studio Version 16
VisualStudioVersion = 16.0.32106.194
MinimumVisualStudioVersion = 10.0.40219.1
Project("{8BC9CEB8-8B4A-11D0-8D11-00A0C91BC942}") = "Project-Plantio", "Project-Plantio\Project-Plantio.vcxproj", "{5FF00A77-0A15-4A95-A231-991BF1C32008}"
EndProject
Global
	GlobalSection(SolutionConfigurationPlatforms) = preSolution
		Debug|x64 = Debug|x64
		Debug|x86 = Debug|x86
		Release|x64 = Release|x64
		Release|x86 = Release|x86
	EndGlobalSection
	GlobalSection(ProjectConfigurationPlatforms) = postSolution
		{5FF00A77-0A15-4A95-A231-991BF1C32008}.Debug|x64.ActiveCfg = Debug|x64
		{5FF00A77-0A15-4A95-A231-991BF1C32008}.Debug|x64.Build.0 = Debug|x64
		{5FF00A77-0A15-4A95-A231-991BF1C32008}.Debug|x86.ActiveCfg = Debug|Win32
		{5FF00A77-0A15-4A95-A231-991BF1C32008}.Debug|x86.Build.0 = Debug|Win32
		{5FF00A77-0A15-4A95-A231-991BF1C32008}.Release|x64.ActiveCfg = Release|x64
		{5FF00A77-0A15-4A95-A231-991BF1C32008}.Release|x64.Build.0 = Release|x64
		{5FF00A77-0A15-4A95-A231-991BF1C32008}.Release|x86.ActiveCfg = Release|Win32
		{5FF00A77-0A15-4A95-A231-991BF1C32008}.Release|x86.Build.0 = Release|Win32
	EndGlobalSection
	GlobalSection(SolutionProperties) = preSolution
		HideSolutionNode = FALSE
	EndGlobalSection
	GlobalSection(ExtensibilityGlobals) = postSolution
		SolutionGuid = {D419437F-0665-4AC5-B014-A01AEC80F02C}
	EndGlobalSection
EndGlobal
